
Microsoft Visual Studio Solution File, Format Version 12.00
# Visual Studio Version 16
VisualStudioVersion = 16.0.31112.23
MinimumVisualStudioVersion = 10.0.40219.1
Project("{FAE04EC0-301F-11D3-BF4B-00C04F79EFBC}") = "MVP_Checkers", "MVP_Checkers\MVP_Checkers.csproj", "{D2858917-BDEF-4625-9B34-F8985DC69D4C}"
EndProject
Global
	GlobalSection(SolutionConfigurationPlatforms) = preSolution
		Debug|Any CPU = Debug|Any CPU
		Release|Any CPU = Release|Any CPU
	EndGlobalSection
	GlobalSection(ProjectConfigurationPlatforms) = postSolution
		{D2858917-BDEF-4625-9B34-F8985DC69D4C}.Debug|Any CPU.ActiveCfg = Debug|Any CPU
		{D2858917-BDEF-4625-9B34-F8985DC69D4C}.Debug|Any CPU.Build.0 = Debug|Any CPU
		{D2858917-BDEF-4625-9B34-F8985DC69D4C}.Release|Any CPU.ActiveCfg = Release|Any CPU
		{D2858917-BDEF-4625-9B34-F8985DC69D4C}.Release|Any CPU.Build.0 = Release|Any CPU
	EndGlobalSection
	GlobalSection(SolutionProperties) = preSolution
		HideSolutionNode = FALSE
	EndGlobalSection
	GlobalSection(ExtensibilityGlobals) = postSolution
		SolutionGuid = {F9C3457A-CE32-4959-A6A6-F1D3A3EDD06D}
	EndGlobalSection
EndGlobal
